
Microsoft Visual Studio Solution File, Format Version 12.00
# Visual Studio Version 16
VisualStudioVersion = 16.0.30413.136
MinimumVisualStudioVersion = 10.0.40219.1
Project("{9A19103F-16F7-4668-BE54-9A1E7A4F7556}") = "Report.Web", "Report.Web\Report.Web.csproj", "{F94E63FF-0CBD-49E3-A135-73AEE6F5ABF2}"
EndProject
Project("{FAE04EC0-301F-11D3-BF4B-00C04F79EFBC}") = "Report.Test", "Report.Test\Report.Test.csproj", "{E9394033-6BEC-45CA-849D-235FA9947A8A}"
EndProject
Project("{2150E333-8FDC-42A3-9474-1A3956D46DE8}") = "SolutionItems", "SolutionItems", "{E25C2BEF-3B82-4C0A-B0FF-87FC6AB8C7AA}"
	ProjectSection(SolutionItems) = preProject
		..\.gitignore = ..\.gitignore
		..\README.md = ..\README.md
	EndProjectSection
EndProject
Global
	GlobalSection(SolutionConfigurationPlatforms) = preSolution
		Debug|Any CPU = Debug|Any CPU
		Release|Any CPU = Release|Any CPU
	EndGlobalSection
	GlobalSection(ProjectConfigurationPlatforms) = postSolution
		{F94E63FF-0CBD-49E3-A135-73AEE6F5ABF2}.Debug|Any CPU.ActiveCfg = Debug|Any CPU
		{F94E63FF-0CBD-49E3-A135-73AEE6F5ABF2}.Debug|Any CPU.Build.0 = Debug|Any CPU
		{F94E63FF-0CBD-49E3-A135-73AEE6F5ABF2}.Release|Any CPU.ActiveCfg = Release|Any CPU
		{F94E63FF-0CBD-49E3-A135-73AEE6F5ABF2}.Release|Any CPU.Build.0 = Release|Any CPU
		{E9394033-6BEC-45CA-849D-235FA9947A8A}.Debug|Any CPU.ActiveCfg = Debug|Any CPU
		{E9394033-6BEC-45CA-849D-235FA9947A8A}.Debug|Any CPU.Build.0 = Debug|Any CPU
		{E9394033-6BEC-45CA-849D-235FA9947A8A}.Release|Any CPU.ActiveCfg = Release|Any CPU
		{E9394033-6BEC-45CA-849D-235FA9947A8A}.Release|Any CPU.Build.0 = Release|Any CPU
	EndGlobalSection
	GlobalSection(SolutionProperties) = preSolution
		HideSolutionNode = FALSE
	EndGlobalSection
	GlobalSection(ExtensibilityGlobals) = postSolution
		SolutionGuid = {3CCF0456-C80E-472A-888C-8B818085D35D}
	EndGlobalSection
EndGlobal
